
Microsoft Visual Studio Solution File, Format Version 12.00
# Visual Studio Version 16
VisualStudioVersion = 16.0.28803.202
MinimumVisualStudioVersion = 10.0.40219.1
Project("{FAE04EC0-301F-11D3-BF4B-00C04F79EFBC}") = "Sp2Patcher", "Sp2Patcher\Sp2Patcher.csproj", "{44043CE0-FBAB-491D-87F0-E2BFEDE77983}"
EndProject
Global
	GlobalSection(SolutionConfigurationPlatforms) = preSolution
		Debug|Any CPU = Debug|Any CPU
		Release|Any CPU = Release|Any CPU
	EndGlobalSection
	GlobalSection(ProjectConfigurationPlatforms) = postSolution
		{44043CE0-FBAB-491D-87F0-E2BFEDE77983}.Debug|Any CPU.ActiveCfg = Debug|Any CPU
		{44043CE0-FBAB-491D-87F0-E2BFEDE77983}.Debug|Any CPU.Build.0 = Debug|Any CPU
		{44043CE0-FBAB-491D-87F0-E2BFEDE77983}.Release|Any CPU.ActiveCfg = Release|Any CPU
		{44043CE0-FBAB-491D-87F0-E2BFEDE77983}.Release|Any CPU.Build.0 = Release|Any CPU
	EndGlobalSection
	GlobalSection(SolutionProperties) = preSolution
		HideSolutionNode = FALSE
	EndGlobalSection
	GlobalSection(ExtensibilityGlobals) = postSolution
		SolutionGuid = {0657B16B-DDF0-485B-BF3F-E11877633FA7}
	EndGlobalSection
EndGlobal
